// !$*UTF8*$!
{
	archiveVersion = 1;
	classes = {
	};
	objectVersion = 56;
	objects = {

/* Begin PBXBuildFile section */
		1097D9822C9F26490014CBE2 /* iOS_Assessment_ElmApp.swift in Sources */ = {isa = PBXBuildFile; fileRef = 1097D9812C9F26490014CBE2 /* iOS_Assessment_ElmApp.swift */; };
		1097D9862C9F264A0014CBE2 /* Assets.xcassets in Resources */ = {isa = PBXBuildFile; fileRef = 1097D9852C9F264A0014CBE2 /* Assets.xcassets */; };
		1097D9892C9F264A0014CBE2 /* Preview Assets.xcassets in Resources */ = {isa = PBXBuildFile; fileRef = 1097D9882C9F264A0014CBE2 /* Preview Assets.xcassets */; };
		1097D9962C9F277C0014CBE2 /* User.swift in Sources */ = {isa = PBXBuildFile; fileRef = 1097D9952C9F277C0014CBE2 /* User.swift */; };
		1097D9982C9F278E0014CBE2 /* LoginResponse.swift in Sources */ = {isa = PBXBuildFile; fileRef = 1097D9972C9F278E0014CBE2 /* LoginResponse.swift */; };
		1097D99B2C9F27F10014CBE2 /* LoginViewModel.swift in Sources */ = {isa = PBXBuildFile; fileRef = 1097D99A2C9F27F10014CBE2 /* LoginViewModel.swift */; };
		1097D99D2C9F28030014CBE2 /* UsersViewModel.swift in Sources */ = {isa = PBXBuildFile; fileRef = 1097D99C2C9F28020014CBE2 /* UsersViewModel.swift */; };
		1097D99F2C9F280E0014CBE2 /* CalculatorViewModel.swift in Sources */ = {isa = PBXBuildFile; fileRef = 1097D99E2C9F280E0014CBE2 /* CalculatorViewModel.swift */; };
		1097D9A12C9F28200014CBE2 /* SignInView.swift in Sources */ = {isa = PBXBuildFile; fileRef = 1097D9A02C9F28200014CBE2 /* SignInView.swift */; };
		1097D9A32C9F282E0014CBE2 /* UsersView.swift in Sources */ = {isa = PBXBuildFile; fileRef = 1097D9A22C9F282E0014CBE2 /* UsersView.swift */; };
		1097D9A52C9F28390014CBE2 /* CalculatorView.swift in Sources */ = {isa = PBXBuildFile; fileRef = 1097D9A42C9F28390014CBE2 /* CalculatorView.swift */; };
		1097D9A72C9F28460014CBE2 /* APIService.swift in Sources */ = {isa = PBXBuildFile; fileRef = 1097D9A62C9F28460014CBE2 /* APIService.swift */; };
		1097D9A92C9F28530014CBE2 /* KeychainService.swift in Sources */ = {isa = PBXBuildFile; fileRef = 1097D9A82C9F28530014CBE2 /* KeychainService.swift */; };
		1097D9AB2C9F4A3B0014CBE2 /* ContentView.swift in Sources */ = {isa = PBXBuildFile; fileRef = 1097D9AA2C9F4A3B0014CBE2 /* ContentView.swift */; };
		1097D9BB2C9F51710014CBE2 /* iOS_Assessment_ElmTests.swift in Sources */ = {isa = PBXBuildFile; fileRef = 1097D9BA2C9F51710014CBE2 /* iOS_Assessment_ElmTests.swift */; };
		1097D9C12C9F51760014CBE2 /* LoginViewModelTests.swift in Sources */ = {isa = PBXBuildFile; fileRef = 1097D9AD2C9F50180014CBE2 /* LoginViewModelTests.swift */; };
		1097D9C22C9F517E0014CBE2 /* UsersViewModelTests.swift in Sources */ = {isa = PBXBuildFile; fileRef = 1097D9B02C9F50350014CBE2 /* UsersViewModelTests.swift */; };
		1097D9C32C9F51800014CBE2 /* CalculatorViewModelTests.swift in Sources */ = {isa = PBXBuildFile; fileRef = 1097D9B22C9F50440014CBE2 /* CalculatorViewModelTests.swift */; };
		1097D9C52C9F52510014CBE2 /* URLSessionMock.swift in Sources */ = {isa = PBXBuildFile; fileRef = 1097D9C42C9F52510014CBE2 /* URLSessionMock.swift */; };
		1097D9C72CABCE0B0014CBE2 /* URLSessionProtocol.swift in Sources */ = {isa = PBXBuildFile; fileRef = 1097D9C62CABCE0B0014CBE2 /* URLSessionProtocol.swift */; };
		1097D9C92CABD9090014CBE2 /* URLSessionWrapper.swift in Sources */ = {isa = PBXBuildFile; fileRef = 1097D9C82CABD9090014CBE2 /* URLSessionWrapper.swift */; };
/* End PBXBuildFile section */

/* Begin PBXContainerItemProxy section */
		1097D9BC2C9F51710014CBE2 /* PBXContainerItemProxy */ = {
			isa = PBXContainerItemProxy;
			containerPortal = 1097D9762C9F26490014CBE2 /* Project object */;
			proxyType = 1;
			remoteGlobalIDString = 1097D97D2C9F26490014CBE2;
			remoteInfo = "iOS-Assessment-Elm";
		};
/* End PBXContainerItemProxy section */

/* Begin PBXFileReference section */
		1097D97E2C9F26490014CBE2 /* iOS-Assessment-Elm.app */ = {isa = PBXFileReference; explicitFileType = wrapper.application; includeInIndex = 0; path = "iOS-Assessment-Elm.app"; sourceTree = BUILT_PRODUCTS_DIR; };
		1097D9812C9F26490014CBE2 /* iOS_Assessment_ElmApp.swift */ = {isa = PBXFileReference; lastKnownFileType = sourcecode.swift; path = iOS_Assessment_ElmApp.swift; sourceTree = "<group>"; };
		1097D9852C9F264A0014CBE2 /* Assets.xcassets */ = {isa = PBXFileReference; lastKnownFileType = folder.assetcatalog; path = Assets.xcassets; sourceTree = "<group>"; };
		1097D9882C9F264A0014CBE2 /* Preview Assets.xcassets */ = {isa = PBXFileReference; lastKnownFileType = folder.assetcatalog; path = "Preview Assets.xcassets"; sourceTree = "<group>"; };
		1097D9952C9F277C0014CBE2 /* User.swift */ = {isa = PBXFileReference; lastKnownFileType = sourcecode.swift; path = User.swift; sourceTree = "<group>"; };
		1097D9972C9F278E0014CBE2 /* LoginResponse.swift */ = {isa = PBXFileReference; lastKnownFileType = sourcecode.swift; path = LoginResponse.swift; sourceTree = "<group>"; };
		1097D99A2C9F27F10014CBE2 /* LoginViewModel.swift */ = {isa = PBXFileReference; lastKnownFileType = sourcecode.swift; path = LoginViewModel.swift; sourceTree = "<group>"; };
		1097D99C2C9F28020014CBE2 /* UsersViewModel.swift */ = {isa = PBXFileReference; lastKnownFileType = sourcecode.swift; path = UsersViewModel.swift; sourceTree = "<group>"; };
		1097D99E2C9F280E0014CBE2 /* CalculatorViewModel.swift */ = {isa = PBXFileReference; lastKnownFileType = sourcecode.swift; path = CalculatorViewModel.swift; sourceTree = "<group>"; };
		1097D9A02C9F28200014CBE2 /* SignInView.swift */ = {isa = PBXFileReference; lastKnownFileType = sourcecode.swift; path = SignInView.swift; sourceTree = "<group>"; };
		1097D9A22C9F282E0014CBE2 /* UsersView.swift */ = {isa = PBXFileReference; lastKnownFileType = sourcecode.swift; path = UsersView.swift; sourceTree = "<group>"; };
		1097D9A42C9F28390014CBE2 /* CalculatorView.swift */ = {isa = PBXFileReference; lastKnownFileType = sourcecode.swift; path = CalculatorView.swift; sourceTree = "<group>"; };
		1097D9A62C9F28460014CBE2 /* APIService.swift */ = {isa = PBXFileReference; lastKnownFileType = sourcecode.swift; path = APIService.swift; sourceTree = "<group>"; };
		1097D9A82C9F28530014CBE2 /* KeychainService.swift */ = {isa = PBXFileReference; lastKnownFileType = sourcecode.swift; path = KeychainService.swift; sourceTree = "<group>"; };
		1097D9AA2C9F4A3B0014CBE2 /* ContentView.swift */ = {isa = PBXFileReference; lastKnownFileType = sourcecode.swift; path = ContentView.swift; sourceTree = "<group>"; };
		1097D9AD2C9F50180014CBE2 /* LoginViewModelTests.swift */ = {isa = PBXFileReference; lastKnownFileType = sourcecode.swift; path = LoginViewModelTests.swift; sourceTree = "<group>"; };
		1097D9B02C9F50350014CBE2 /* UsersViewModelTests.swift */ = {isa = PBXFileReference; lastKnownFileType = sourcecode.swift; path = UsersViewModelTests.swift; sourceTree = "<group>"; };
		1097D9B22C9F50440014CBE2 /* CalculatorViewModelTests.swift */ = {isa = PBXFileReference; lastKnownFileType = sourcecode.swift; path = CalculatorViewModelTests.swift; sourceTree = "<group>"; };
		1097D9B82C9F51710014CBE2 /* iOS-Assessment-ElmTests.xctest */ = {isa = PBXFileReference; explicitFileType = wrapper.cfbundle; includeInIndex = 0; path = "iOS-Assessment-ElmTests.xctest"; sourceTree = BUILT_PRODUCTS_DIR; };
		1097D9BA2C9F51710014CBE2 /* iOS_Assessment_ElmTests.swift */ = {isa = PBXFileReference; lastKnownFileType = sourcecode.swift; path = iOS_Assessment_ElmTests.swift; sourceTree = "<group>"; };
		1097D9C42C9F52510014CBE2 /* URLSessionMock.swift */ = {isa = PBXFileReference; lastKnownFileType = sourcecode.swift; path = URLSessionMock.swift; sourceTree = "<group>"; };
		1097D9C62CABCE0B0014CBE2 /* URLSessionProtocol.swift */ = {isa = PBXFileReference; lastKnownFileType = sourcecode.swift; path = URLSessionProtocol.swift; sourceTree = "<group>"; };
		1097D9C82CABD9090014CBE2 /* URLSessionWrapper.swift */ = {isa = PBXFileReference; lastKnownFileType = sourcecode.swift; path = URLSessionWrapper.swift; sourceTree = "<group>"; };
/* End PBXFileReference section */

/* Begin PBXFrameworksBuildPhase section */
		1097D97B2C9F26490014CBE2 /* Frameworks */ = {
			isa = PBXFrameworksBuildPhase;
			buildActionMask = 2147483647;
			files = (
			);
			runOnlyForDeploymentPostprocessing = 0;
		};
		1097D9B52C9F51710014CBE2 /* Frameworks */ = {
			isa = PBXFrameworksBuildPhase;
			buildActionMask = 2147483647;
			files = (
			);
			runOnlyForDeploymentPostprocessing = 0;
		};
/* End PBXFrameworksBuildPhase section */

/* Begin PBXGroup section */
		1097D9752C9F26490014CBE2 = {
			isa = PBXGroup;
			children = (
				1097D9802C9F26490014CBE2 /* iOS-Assessment-Elm */,
				1097D9B92C9F51710014CBE2 /* iOS-Assessment-ElmTests */,
				1097D97F2C9F26490014CBE2 /* Products */,
			);
			sourceTree = "<group>";
		};
		1097D97F2C9F26490014CBE2 /* Products */ = {
			isa = PBXGroup;
			children = (
				1097D97E2C9F26490014CBE2 /* iOS-Assessment-Elm.app */,
				1097D9B82C9F51710014CBE2 /* iOS-Assessment-ElmTests.xctest */,
			);
			name = Products;
			sourceTree = "<group>";
		};
		1097D9802C9F26490014CBE2 /* iOS-Assessment-Elm */ = {
			isa = PBXGroup;
			children = (
				1097D98F2C9F26800014CBE2 /* Models */,
				1097D9902C9F268A0014CBE2 /* ViewModels */,
				1097D9912C9F26A10014CBE2 /* Views */,
				1097D9922C9F26AD0014CBE2 /* Services  */,
				1097D9932C9F26BD0014CBE2 /* Utilities */,
				1097D9942C9F26CA0014CBE2 /* Resources */,
				1097D9812C9F26490014CBE2 /* iOS_Assessment_ElmApp.swift */,
				1097D9852C9F264A0014CBE2 /* Assets.xcassets */,
				1097D9872C9F264A0014CBE2 /* Preview Content */,
				1097D9AA2C9F4A3B0014CBE2 /* ContentView.swift */,
			);
			path = "iOS-Assessment-Elm";
			sourceTree = "<group>";
		};
		1097D9872C9F264A0014CBE2 /* Preview Content */ = {
			isa = PBXGroup;
			children = (
				1097D9882C9F264A0014CBE2 /* Preview Assets.xcassets */,
			);
			path = "Preview Content";
			sourceTree = "<group>";
		};
		1097D98F2C9F26800014CBE2 /* Models */ = {
			isa = PBXGroup;
			children = (
				1097D9952C9F277C0014CBE2 /* User.swift */,
				1097D9972C9F278E0014CBE2 /* LoginResponse.swift */,
			);
			path = Models;
			sourceTree = "<group>";
		};
		1097D9902C9F268A0014CBE2 /* ViewModels */ = {
			isa = PBXGroup;
			children = (
				1097D99A2C9F27F10014CBE2 /* LoginViewModel.swift */,
				1097D99C2C9F28020014CBE2 /* UsersViewModel.swift */,
				1097D99E2C9F280E0014CBE2 /* CalculatorViewModel.swift */,
			);
			path = ViewModels;
			sourceTree = "<group>";
		};
		1097D9912C9F26A10014CBE2 /* Views */ = {
			isa = PBXGroup;
			children = (
				1097D9A02C9F28200014CBE2 /* SignInView.swift */,
				1097D9A22C9F282E0014CBE2 /* UsersView.swift */,
				1097D9A42C9F28390014CBE2 /* CalculatorView.swift */,
			);
			path = Views;
			sourceTree = "<group>";
		};
		1097D9922C9F26AD0014CBE2 /* Services  */ = {
			isa = PBXGroup;
			children = (
				1097D9A62C9F28460014CBE2 /* APIService.swift */,
				1097D9A82C9F28530014CBE2 /* KeychainService.swift */,
			);
			path = "Services ";
			sourceTree = "<group>";
		};
		1097D9932C9F26BD0014CBE2 /* Utilities */ = {
			isa = PBXGroup;
			children = (
				1097D9C62CABCE0B0014CBE2 /* URLSessionProtocol.swift */,
				1097D9C82CABD9090014CBE2 /* URLSessionWrapper.swift */,
			);
			path = Utilities;
			sourceTree = "<group>";
		};
		1097D9942C9F26CA0014CBE2 /* Resources */ = {
			isa = PBXGroup;
			children = (
			);
			path = Resources;
			sourceTree = "<group>";
		};
		1097D9B92C9F51710014CBE2 /* iOS-Assessment-ElmTests */ = {
			isa = PBXGroup;
			children = (
				1097D9B22C9F50440014CBE2 /* CalculatorViewModelTests.swift */,
				1097D9B02C9F50350014CBE2 /* UsersViewModelTests.swift */,
				1097D9AD2C9F50180014CBE2 /* LoginViewModelTests.swift */,
				1097D9BA2C9F51710014CBE2 /* iOS_Assessment_ElmTests.swift */,
				1097D9C42C9F52510014CBE2 /* URLSessionMock.swift */,
			);
			path = "iOS-Assessment-ElmTests";
			sourceTree = "<group>";
		};
/* End PBXGroup section */

/* Begin PBXNativeTarget section */
		1097D97D2C9F26490014CBE2 /* iOS-Assessment-Elm */ = {
			isa = PBXNativeTarget;
			buildConfigurationList = 1097D98C2C9F264A0014CBE2 /* Build configuration list for PBXNativeTarget "iOS-Assessment-Elm" */;
			buildPhases = (
				1097D97A2C9F26490014CBE2 /* Sources */,
				1097D97B2C9F26490014CBE2 /* Frameworks */,
				1097D97C2C9F26490014CBE2 /* Resources */,
			);
			buildRules = (
			);
			dependencies = (
			);
			name = "iOS-Assessment-Elm";
			productName = "iOS-Assessment-Elm";
			productReference = 1097D97E2C9F26490014CBE2 /* iOS-Assessment-Elm.app */;
			productType = "com.apple.product-type.application";
		};
		1097D9B72C9F51710014CBE2 /* iOS-Assessment-ElmTests */ = {
			isa = PBXNativeTarget;
			buildConfigurationList = 1097D9BE2C9F51710014CBE2 /* Build configuration list for PBXNativeTarget "iOS-Assessment-ElmTests" */;
			buildPhases = (
				1097D9B42C9F51710014CBE2 /* Sources */,
				1097D9B52C9F51710014CBE2 /* Frameworks */,
				1097D9B62C9F51710014CBE2 /* Resources */,
			);
			buildRules = (
			);
			dependencies = (
				1097D9BD2C9F51710014CBE2 /* PBXTargetDependency */,
			);
			name = "iOS-Assessment-ElmTests";
			productName = "iOS-Assessment-ElmTests";
			productReference = 1097D9B82C9F51710014CBE2 /* iOS-Assessment-ElmTests.xctest */;
			productType = "com.apple.product-type.bundle.unit-test";
		};
/* End PBXNativeTarget section */

/* Begin PBXProject section */
		1097D9762C9F26490014CBE2 /* Project object */ = {
			isa = PBXProject;
			attributes = {
				BuildIndependentTargetsInParallel = 1;
				LastSwiftUpdateCheck = 1530;
				LastUpgradeCheck = 1530;
				TargetAttributes = {
					1097D97D2C9F26490014CBE2 = {
						CreatedOnToolsVersion = 15.3;
					};
					1097D9B72C9F51710014CBE2 = {
						CreatedOnToolsVersion = 15.3;
						TestTargetID = 1097D97D2C9F26490014CBE2;
					};
				};
			};
			buildConfigurationList = 1097D9792C9F26490014CBE2 /* Build configuration list for PBXProject "iOS-Assessment-Elm" */;
			compatibilityVersion = "Xcode 14.0";
			developmentRegion = en;
			hasScannedForEncodings = 0;
			knownRegions = (
				en,
				Base,
			);
			mainGroup = 1097D9752C9F26490014CBE2;
			productRefGroup = 1097D97F2C9F26490014CBE2 /* Products */;
			projectDirPath = "";
			projectRoot = "";
			targets = (
				1097D97D2C9F26490014CBE2 /* iOS-Assessment-Elm */,
				1097D9B72C9F51710014CBE2 /* iOS-Assessment-ElmTests */,
			);
		};
/* End PBXProject section */

/* Begin PBXResourcesBuildPhase section */
		1097D97C2C9F26490014CBE2 /* Resources */ = {
			isa = PBXResourcesBuildPhase;
			buildActionMask = 2147483647;
			files = (
				1097D9892C9F264A0014CBE2 /* Preview Assets.xcassets in Resources */,
				1097D9862C9F264A0014CBE2 /* Assets.xcassets in Resources */,
			);
			runOnlyForDeploymentPostprocessing = 0;
		};
		1097D9B62C9F51710014CBE2 /* Resources */ = {
			isa = PBXResourcesBuildPhase;
			buildActionMask = 2147483647;
			files = (
			);
			runOnlyForDeploymentPostprocessing = 0;
		};
/* End PBXResourcesBuildPhase section */

/* Begin PBXSourcesBuildPhase section */
		1097D97A2C9F26490014CBE2 /* Sources */ = {
			isa = PBXSourcesBuildPhase;
			buildActionMask = 2147483647;
			files = (
				1097D99B2C9F27F10014CBE2 /* LoginViewModel.swift in Sources */,
				1097D9A12C9F28200014CBE2 /* SignInView.swift in Sources */,
				1097D9AB2C9F4A3B0014CBE2 /* ContentView.swift in Sources */,
				1097D9962C9F277C0014CBE2 /* User.swift in Sources */,
				1097D9822C9F26490014CBE2 /* iOS_Assessment_ElmApp.swift in Sources */,
				1097D9A92C9F28530014CBE2 /* KeychainService.swift in Sources */,
				1097D9982C9F278E0014CBE2 /* LoginResponse.swift in Sources */,
				1097D99F2C9F280E0014CBE2 /* CalculatorViewModel.swift in Sources */,
				1097D9C72CABCE0B0014CBE2 /* URLSessionProtocol.swift in Sources */,
				1097D9A72C9F28460014CBE2 /* APIService.swift in Sources */,
				1097D9C92CABD9090014CBE2 /* URLSessionWrapper.swift in Sources */,
				1097D99D2C9F28030014CBE2 /* UsersViewModel.swift in Sources */,
				1097D9A52C9F28390014CBE2 /* CalculatorView.swift in Sources */,
				1097D9A32C9F282E0014CBE2 /* UsersView.swift in Sources */,
			);
			runOnlyForDeploymentPostprocessing = 0;
		};
		1097D9B42C9F51710014CBE2 /* Sources */ = {
			isa = PBXSourcesBuildPhase;
			buildActionMask = 2147483647;
			files = (
				1097D9C52C9F52510014CBE2 /* URLSessionMock.swift in Sources */,
				1097D9C12C9F51760014CBE2 /* LoginViewModelTests.swift in Sources */,
				1097D9C22C9F517E0014CBE2 /* UsersViewModelTests.swift in Sources */,
				1097D9C32C9F51800014CBE2 /* CalculatorViewModelTests.swift in Sources */,
				1097D9BB2C9F51710014CBE2 /* iOS_Assessment_ElmTests.swift in Sources */,
			);
			runOnlyForDeploymentPostprocessing = 0;
		};
/* End PBXSourcesBuildPhase section */

/* Begin PBXTargetDependency section */
		1097D9BD2C9F51710014CBE2 /* PBXTargetDependency */ = {
			isa = PBXTargetDependency;
			target = 1097D97D2C9F26490014CBE2 /* iOS-Assessment-Elm */;
			targetProxy = 1097D9BC2C9F51710014CBE2 /* PBXContainerItemProxy */;
		};
/* End PBXTargetDependency section */

/* Begin XCBuildConfiguration section */
		1097D98A2C9F264A0014CBE2 /* Debug */ = {
			isa = XCBuildConfiguration;
			buildSettings = {
				ALWAYS_SEARCH_USER_PATHS = NO;
				ASSETCATALOG_COMPILER_GENERATE_SWIFT_ASSET_SYMBOL_EXTENSIONS = YES;
				CLANG_ANALYZER_NONNULL = YES;
				CLANG_ANALYZER_NUMBER_OBJECT_CONVERSION = YES_AGGRESSIVE;
				CLANG_CXX_LANGUAGE_STANDARD = "gnu++20";
				CLANG_ENABLE_MODULES = YES;
				CLANG_ENABLE_OBJC_ARC = YES;
				CLANG_ENABLE_OBJC_WEAK = YES;
				CLANG_WARN_BLOCK_CAPTURE_AUTORELEASING = YES;
				CLANG_WARN_BOOL_CONVERSION = YES;
				CLANG_WARN_COMMA = YES;
				CLANG_WARN_CONSTANT_CONVERSION = YES;
				CLANG_WARN_DEPRECATED_OBJC_IMPLEMENTATIONS = YES;
				CLANG_WARN_DIRECT_OBJC_ISA_USAGE = YES_ERROR;
				CLANG_WARN_DOCUMENTATION_COMMENTS = YES;
				CLANG_WARN_EMPTY_BODY = YES;
				CLANG_WARN_ENUM_CONVERSION = YES;
				CLANG_WARN_INFINITE_RECURSION = YES;
				CLANG_WARN_INT_CONVERSION = YES;
				CLANG_WARN_NON_LITERAL_NULL_CONVERSION = YES;
				CLANG_WARN_OBJC_IMPLICIT_RETAIN_SELF = YES;
				CLANG_WARN_OBJC_LITERAL_CONVERSION = YES;
				CLANG_WARN_OBJC_ROOT_CLASS = YES_ERROR;
				CLANG_WARN_QUOTED_INCLUDE_IN_FRAMEWORK_HEADER = YES;
				CLANG_WARN_RANGE_LOOP_ANALYSIS = YES;
				CLANG_WARN_STRICT_PROTOTYPES = YES;
				CLANG_WARN_SUSPICIOUS_MOVE = YES;
				CLANG_WARN_UNGUARDED_AVAILABILITY = YES_AGGRESSIVE;
				CLANG_WARN_UNREACHABLE_CODE = YES;
				CLANG_WARN__DUPLICATE_METHOD_MATCH = YES;
				COPY_PHASE_STRIP = NO;
				DEBUG_INFORMATION_FORMAT = dwarf;
				ENABLE_STRICT_OBJC_MSGSEND = YES;
				ENABLE_TESTABILITY = YES;
				ENABLE_USER_SCRIPT_SANDBOXING = YES;
				GCC_C_LANGUAGE_STANDARD = gnu17;
				GCC_DYNAMIC_NO_PIC = NO;
				GCC_NO_COMMON_BLOCKS = YES;
				GCC_OPTIMIZATION_LEVEL = 0;
				GCC_PREPROCESSOR_DEFINITIONS = (
					"DEBUG=1",
					"$(inherited)",
				);
				GCC_WARN_64_TO_32_BIT_CONVERSION = YES;
				GCC_WARN_ABOUT_RETURN_TYPE = YES_ERROR;
				GCC_WARN_UNDECLARED_SELECTOR = YES;
				GCC_WARN_UNINITIALIZED_AUTOS = YES_AGGRESSIVE;
				GCC_WARN_UNUSED_FUNCTION = YES;
				GCC_WARN_UNUSED_VARIABLE = YES;
				IPHONEOS_DEPLOYMENT_TARGET = 17.4;
				LOCALIZATION_PREFERS_STRING_CATALOGS = YES;
				MTL_ENABLE_DEBUG_INFO = INCLUDE_SOURCE;
				MTL_FAST_MATH = YES;
				ONLY_ACTIVE_ARCH = YES;
				SDKROOT = iphoneos;
				SWIFT_ACTIVE_COMPILATION_CONDITIONS = "DEBUG $(inherited)";
				SWIFT_OPTIMIZATION_LEVEL = "-Onone";
			};
			name = Debug;
		};
		1097D98B2C9F264A0014CBE2 /* Release */ = {
			isa = XCBuildConfiguration;
			buildSettings = {
				ALWAYS_SEARCH_USER_PATHS = NO;
				ASSETCATALOG_COMPILER_GENERATE_SWIFT_ASSET_SYMBOL_EXTENSIONS = YES;
				CLANG_ANALYZER_NONNULL = YES;
				CLANG_ANALYZER_NUMBER_OBJECT_CONVERSION = YES_AGGRESSIVE;
				CLANG_CXX_LANGUAGE_STANDARD = "gnu++20";
				CLANG_ENABLE_MODULES = YES;
				CLANG_ENABLE_OBJC_ARC = YES;
				CLANG_ENABLE_OBJC_WEAK = YES;
				CLANG_WARN_BLOCK_CAPTURE_AUTORELEASING = YES;
				CLANG_WARN_BOOL_CONVERSION = YES;
				CLANG_WARN_COMMA = YES;
				CLANG_WARN_CONSTANT_CONVERSION = YES;
				CLANG_WARN_DEPRECATED_OBJC_IMPLEMENTATIONS = YES;
				CLANG_WARN_DIRECT_OBJC_ISA_USAGE = YES_ERROR;
				CLANG_WARN_DOCUMENTATION_COMMENTS = YES;
				CLANG_WARN_EMPTY_BODY = YES;
				CLANG_WARN_ENUM_CONVERSION = YES;
				CLANG_WARN_INFINITE_RECURSION = YES;
				CLANG_WARN_INT_CONVERSION = YES;
				CLANG_WARN_NON_LITERAL_NULL_CONVERSION = YES;
				CLANG_WARN_OBJC_IMPLICIT_RETAIN_SELF = YES;
				CLANG_WARN_OBJC_LITERAL_CONVERSION = YES;
				CLANG_WARN_OBJC_ROOT_CLASS = YES_ERROR;
				CLANG_WARN_QUOTED_INCLUDE_IN_FRAMEWORK_HEADER = YES;
				CLANG_WARN_RANGE_LOOP_ANALYSIS = YES;
				CLANG_WARN_STRICT_PROTOTYPES = YES;
				CLANG_WARN_SUSPICIOUS_MOVE = YES;
				CLANG_WARN_UNGUARDED_AVAILABILITY = YES_AGGRESSIVE;
				CLANG_WARN_UNREACHABLE_CODE = YES;
				CLANG_WARN__DUPLICATE_METHOD_MATCH = YES;
				COPY_PHASE_STRIP = NO;
				DEBUG_INFORMATION_FORMAT = "dwarf-with-dsym";
				ENABLE_NS_ASSERTIONS = NO;
				ENABLE_STRICT_OBJC_MSGSEND = YES;
				ENABLE_USER_SCRIPT_SANDBOXING = YES;
				GCC_C_LANGUAGE_STANDARD = gnu17;
				GCC_NO_COMMON_BLOCKS = YES;
				GCC_WARN_64_TO_32_BIT_CONVERSION = YES;
				GCC_WARN_ABOUT_RETURN_TYPE = YES_ERROR;
				GCC_WARN_UNDECLARED_SELECTOR = YES;
				GCC_WARN_UNINITIALIZED_AUTOS = YES_AGGRESSIVE;
				GCC_WARN_UNUSED_FUNCTION = YES;
				GCC_WARN_UNUSED_VARIABLE = YES;
				IPHONEOS_DEPLOYMENT_TARGET = 17.4;
				LOCALIZATION_PREFERS_STRING_CATALOGS = YES;
				MTL_ENABLE_DEBUG_INFO = NO;
				MTL_FAST_MATH = YES;
				SDKROOT = iphoneos;
				SWIFT_COMPILATION_MODE = wholemodule;
				VALIDATE_PRODUCT = YES;
			};
			name = Release;
		};
		1097D98D2C9F264A0014CBE2 /* Debug */ = {
			isa = XCBuildConfiguration;
			buildSettings = {
				ASSETCATALOG_COMPILER_APPICON_NAME = AppIcon;
				ASSETCATALOG_COMPILER_GLOBAL_ACCENT_COLOR_NAME = AccentColor;
				CODE_SIGN_STYLE = Automatic;
				CURRENT_PROJECT_VERSION = 1;
				DEVELOPMENT_ASSET_PATHS = "\"iOS-Assessment-Elm/Preview Content\"";
				DEVELOPMENT_TEAM = 8TC6NM65Z3;
				ENABLE_PREVIEWS = YES;
				GENERATE_INFOPLIST_FILE = YES;
				INFOPLIST_KEY_UIApplicationSceneManifest_Generation = YES;
				INFOPLIST_KEY_UIApplicationSupportsIndirectInputEvents = YES;
				INFOPLIST_KEY_UILaunchScreen_Generation = YES;
				INFOPLIST_KEY_UISupportedInterfaceOrientations_iPad = "UIInterfaceOrientationPortrait UIInterfaceOrientationPortraitUpsideDown UIInterfaceOrientationLandscapeLeft UIInterfaceOrientationLandscapeRight";
				INFOPLIST_KEY_UISupportedInterfaceOrientations_iPhone = "UIInterfaceOrientationPortrait UIInterfaceOrientationLandscapeLeft UIInterfaceOrientationLandscapeRight";
				LD_RUNPATH_SEARCH_PATHS = (
					"$(inherited)",
					"@executable_path/Frameworks",
				);
				MARKETING_VERSION = 1.0;
				PRODUCT_BUNDLE_IDENTIFIER = "com.mohammed.iOS-Assessment-Elm";
				PRODUCT_NAME = "$(TARGET_NAME)";
				SWIFT_EMIT_LOC_STRINGS = YES;
				SWIFT_VERSION = 5.0;
				TARGETED_DEVICE_FAMILY = "1,2";
			};
			name = Debug;
		};
		1097D98E2C9F264A0014CBE2 /* Release */ = {
			isa = XCBuildConfiguration;
			buildSettings = {
				ASSETCATALOG_COMPILER_APPICON_NAME = AppIcon;
				ASSETCATALOG_COMPILER_GLOBAL_ACCENT_COLOR_NAME = AccentColor;
				CODE_SIGN_STYLE = Automatic;
				CURRENT_PROJECT_VERSION = 1;
				DEVELOPMENT_ASSET_PATHS = "\"iOS-Assessment-Elm/Preview Content\"";
				DEVELOPMENT_TEAM = 8TC6NM65Z3;
				ENABLE_PREVIEWS = YES;
				GENERATE_INFOPLIST_FILE = YES;
				INFOPLIST_KEY_UIApplicationSceneManifest_Generation = YES;
				INFOPLIST_KEY_UIApplicationSupportsIndirectInputEvents = YES;
				INFOPLIST_KEY_UILaunchScreen_Generation = YES;
				INFOPLIST_KEY_UISupportedInterfaceOrientations_iPad = "UIInterfaceOrientationPortrait UIInterfaceOrientationPortraitUpsideDown UIInterfaceOrientationLandscapeLeft UIInterfaceOrientationLandscapeRight";
				INFOPLIST_KEY_UISupportedInterfaceOrientations_iPhone = "UIInterfaceOrientationPortrait UIInterfaceOrientationLandscapeLeft UIInterfaceOrientationLandscapeRight";
				LD_RUNPATH_SEARCH_PATHS = (
					"$(inherited)",
					"@executable_path/Frameworks",
				);
				MARKETING_VERSION = 1.0;
				PRODUCT_BUNDLE_IDENTIFIER = "com.mohammed.iOS-Assessment-Elm";
				PRODUCT_NAME = "$(TARGET_NAME)";
				SWIFT_EMIT_LOC_STRINGS = YES;
				SWIFT_VERSION = 5.0;
				TARGETED_DEVICE_FAMILY = "1,2";
			};
			name = Release;
		};
		1097D9BF2C9F51710014CBE2 /* Debug */ = {
			isa = XCBuildConfiguration;
			buildSettings = {
				BUNDLE_LOADER = "$(TEST_HOST)";
				CODE_SIGN_STYLE = Automatic;
				CURRENT_PROJECT_VERSION = 1;
				DEVELOPMENT_TEAM = 8TC6NM65Z3;
				GENERATE_INFOPLIST_FILE = YES;
				MARKETING_VERSION = 1.0;
				PRODUCT_BUNDLE_IDENTIFIER = "com.mohammed.iOS-Assessment-ElmTests";
				PRODUCT_NAME = "$(TARGET_NAME)";
				SWIFT_EMIT_LOC_STRINGS = NO;
				SWIFT_VERSION = 5.0;
				TARGETED_DEVICE_FAMILY = "1,2";
				TEST_HOST = "$(BUILT_PRODUCTS_DIR)/iOS-Assessment-Elm.app/$(BUNDLE_EXECUTABLE_FOLDER_PATH)/iOS-Assessment-Elm";
			};
			name = Debug;
		};
		1097D9C02C9F51710014CBE2 /* Release */ = {
			isa = XCBuildConfiguration;
			buildSettings = {
				BUNDLE_LOADER = "$(TEST_HOST)";
				CODE_SIGN_STYLE = Automatic;
				CURRENT_PROJECT_VERSION = 1;
				DEVELOPMENT_TEAM = 8TC6NM65Z3;
				GENERATE_INFOPLIST_FILE = YES;
				MARKETING_VERSION = 1.0;
				PRODUCT_BUNDLE_IDENTIFIER = "com.mohammed.iOS-Assessment-ElmTests";
				PRODUCT_NAME = "$(TARGET_NAME)";
				SWIFT_EMIT_LOC_STRINGS = NO;
				SWIFT_VERSION = 5.0;
				TARGETED_DEVICE_FAMILY = "1,2";
				TEST_HOST = "$(BUILT_PRODUCTS_DIR)/iOS-Assessment-Elm.app/$(BUNDLE_EXECUTABLE_FOLDER_PATH)/iOS-Assessment-Elm";
			};
			name = Release;
		};
/* End XCBuildConfiguration section */

/* Begin XCConfigurationList section */
		1097D9792C9F26490014CBE2 /* Build configuration list for PBXProject "iOS-Assessment-Elm" */ = {
			isa = XCConfigurationList;
			buildConfigurations = (
				1097D98A2C9F264A0014CBE2 /* Debug */,
				1097D98B2C9F264A0014CBE2 /* Release */,
			);
			defaultConfigurationIsVisible = 0;
			defaultConfigurationName = Release;
		};
		1097D98C2C9F264A0014CBE2 /* Build configuration list for PBXNativeTarget "iOS-Assessment-Elm" */ = {
			isa = XCConfigurationList;
			buildConfigurations = (
				1097D98D2C9F264A0014CBE2 /* Debug */,
				1097D98E2C9F264A0014CBE2 /* Release */,
			);
			defaultConfigurationIsVisible = 0;
			defaultConfigurationName = Release;
		};
		1097D9BE2C9F51710014CBE2 /* Build configuration list for PBXNativeTarget "iOS-Assessment-ElmTests" */ = {
			isa = XCConfigurationList;
			buildConfigurations = (
				1097D9BF2C9F51710014CBE2 /* Debug */,
				1097D9C02C9F51710014CBE2 /* Release */,
			);
			defaultConfigurationIsVisible = 0;
			defaultConfigurationName = Release;
		};
/* End XCConfigurationList section */
	};
	rootObject = 1097D9762C9F26490014CBE2 /* Project object */;
}
